# THIS IS AN AUTOGENERATED FILE. DO NOT EDIT THIS FILE DIRECTLY.
# yarn lockfile v1


"@vssue/api-github-v4@^1.4.0":
  version "1.4.0"
  resolved "https://registry.yarnpkg.com/@vssue/api-github-v4/-/api-github-v4-1.4.0.tgz#30defd2220ff50e5ed4c50159e42eba52b004748"
  integrity sha512-AdMYX62zXolvbJl0YoLjMQfoyIaK+pso2TVb34L+tjqfxgfubRm6mE/pWU7cKLiWMn6IaiS0LotC2O4y/omqDQ==
  dependencies:
    "@vssue/utils" "^1.4.0"
    axios "^0.18.1"

"@vssue/utils@^1.4.0":
  version "1.4.0"
  resolved "https://registry.yarnpkg.com/@vssue/utils/-/utils-1.4.0.tgz#3cc2fd8492a3409e343289981e2209b6ca2f8313"
  integrity sha512-3d9WCYNurdFKApFzU8i7YD1GCGhunEVYnwSJxwQ2rDmEdpLneAYNJWg9+QS6bqzB+Pw7ymtwLf/Sqti9+xUGqA==
  dependencies:
    date-fns "^1.29.0"
    qs "^6.6.0"

"@vssue/vuepress-plugin-vssue@^1.4.4":
  version "1.4.4"
  resolved "https://registry.yarnpkg.com/@vssue/vuepress-plugin-vssue/-/vuepress-plugin-vssue-1.4.4.tgz#63b1f4a9ebdfd3bde9f28ab028047732109cc079"
  integrity sha512-xMZbmWY6OZ7LKwQbguXn+gg/9/xXWeHjEeBdKOjkeUUBemwuyZbm9s73OLrk8hTLGeevecfBuSNnoUA98Dt/2A==
  dependencies:
    vssue "^1.4.4"

"@vuepress/plugin-back-to-top@^1.5.0":
  version "1.5.0"
  resolved "https://registry.yarnpkg.com/@vuepress/plugin-back-to-top/-/plugin-back-to-top-1.5.0.tgz#393cbc392ac7c1718cdbdbcac6375f8079a57912"
  integrity sha512-CXfZEj0LefJE0u32VsGlszL6nS7k7ba/M6eLIS2V1ZUXsDECwtSxiTp51gMGVG265/hAid35Lk0ZDvv2obQgfg==
  dependencies:
    lodash.debounce "^4.0.8"

axios@^0.18.1:
  version "0.18.1"
  resolved "https://registry.yarnpkg.com/axios/-/axios-0.18.1.tgz#ff3f0de2e7b5d180e757ad98000f1081b87bcea3"
  integrity sha512-0BfJq4NSfQXd+SkFdrvFbG7addhYSBA2mQwISr46pD6E5iqkWg02RAs8vyTT/j0RTnoYmeXauBuSv1qKwR179g==
  dependencies:
    follow-redirects "1.5.10"
    is-buffer "^2.0.2"

call-bind@^1.0.0:
  version "1.0.2"
  resolved "https://registry.yarnpkg.com/call-bind/-/call-bind-1.0.2.tgz#b1d4e89e688119c3c9a903ad30abb2f6a919be3c"
  integrity sha512-7O+FbCihrB5WGbFYesctwmTKae6rOiIzmz1icreWJ+0aA7LJfuqhEso2T9ncpcFtzMQtzXf2QGGueWJGTYsqrA==
  dependencies:
    function-bind "^1.1.1"
    get-intrinsic "^1.0.2"

date-fns@^1.29.0:
  version "1.30.1"
  resolved "https://registry.yarnpkg.com/date-fns/-/date-fns-1.30.1.tgz#2e71bf0b119153dbb4cc4e88d9ea5acfb50dc05c"
  integrity sha512-hBSVCvSmWC+QypYObzwGOd9wqdDpOt+0wl0KbU+R+uuZBS1jN8VsD1ss3irQDknRj5NvxiTF6oj/nDRnN/UQNw==

debug@=3.1.0:
  version "3.1.0"
  resolved "https://registry.yarnpkg.com/debug/-/debug-3.1.0.tgz#5bb5a0672628b64149566ba16819e61518c67261"
  integrity sha512-OX8XqP7/1a9cqkxYw2yXss15f26NKWBpDXQd0/uK/KPqdQhxbPa994hnzjcE2VqQpDslf55723cKPUOGSmMY3g==
  dependencies:
    ms "2.0.0"

follow-redirects@1.5.10:
  version "1.5.10"
  resolved "https://registry.yarnpkg.com/follow-redirects/-/follow-redirects-1.5.10.tgz#7b7a9f9aea2fdff36786a94ff643ed07f4ff5e2a"
  integrity sha512-0V5l4Cizzvqt5D44aTXbFZz+FtyXV1vrDN6qrelxtfYQKW0KO0W2T/hkE8xvGa/540LkZlkaUjO4ailYTFtHVQ==
  dependencies:
    debug "=3.1.0"

function-bind@^1.1.1:
  version "1.1.1"
  resolved "https://registry.yarnpkg.com/function-bind/-/function-bind-1.1.1.tgz#a56899d3ea3c9bab874bb9773b7c5ede92f4895d"
  integrity sha512-yIovAzMX49sF8Yl58fSCWJ5svSLuaibPxXQJFLmBObTuCr0Mf1KiPopGM9NiFjiYBCbfaa2Fh6breQ6ANVTI0A==

get-intrinsic@^1.0.2:
  version "1.1.3"
  resolved "https://registry.yarnpkg.com/get-intrinsic/-/get-intrinsic-1.1.3.tgz#063c84329ad93e83893c7f4f243ef63ffa351385"
  integrity sha512-QJVz1Tj7MS099PevUG5jvnt9tSkXN8K14dxQlikJuPt4uD9hHAHjLyLBiLR5zELelBdD9QNRAXZzsJx0WaDL9A==
  dependencies:
    function-bind "^1.1.1"
    has "^1.0.3"
    has-symbols "^1.0.3"

github-markdown-css@^3.0.1:
  version "3.0.1"
  resolved "https://registry.yarnpkg.com/github-markdown-css/-/github-markdown-css-3.0.1.tgz#d08db1060d2e182025e0d07d547cfe2afed30205"
  integrity sha512-9G5CIPsHoyk5ObDsb/H4KTi23J8KE1oDd4KYU51qwqeM+lKWAiO7abpSgCkyWswgmSKBiuE7/4f8xUz7f2qAiQ==

has-symbols@^1.0.3:
  version "1.0.3"
  resolved "https://registry.yarnpkg.com/has-symbols/-/has-symbols-1.0.3.tgz#bb7b2c4349251dce87b125f7bdf874aa7c8b39f8"
  integrity sha512-l3LCuF6MgDNwTDKkdYGEihYjt5pRPbEg46rtlmnSPlUbgmB8LOIrKJbYYFBSbnPaJexMKtiPO8hmeRjRz2Td+A==

has@^1.0.3:
  version "1.0.3"
  resolved "https://registry.yarnpkg.com/has/-/has-1.0.3.tgz#722d7cbfc1f6aa8241f16dd814e011e1f41e8796"
  integrity sha512-f2dvO0VU6Oej7RkWJGrehjbzMAjFp5/VKPp5tTpWIV4JHHZK1/BxbFRtf/siA2SWTe09caDmVtYYzWEIbBS4zw==
  dependencies:
    function-bind "^1.1.1"

is-buffer@^2.0.2:
  version "2.0.4"
  resolved "https://registry.yarnpkg.com/is-buffer/-/is-buffer-2.0.4.tgz#3e572f23c8411a5cfd9557c849e3665e0b290623"
  integrity sha512-Kq1rokWXOPXWuaMAqZiJW4XxsmD9zGx9q4aePabbn3qCRGedtH7Cm+zV8WETitMfu1wdh+Rvd6w5egwSngUX2A==

lodash.debounce@^4.0.8:
  version "4.0.8"
  resolved "https://registry.yarnpkg.com/lodash.debounce/-/lodash.debounce-4.0.8.tgz#82d79bff30a67c4005ffd5e2515300ad9ca4d7af"
  integrity sha1-gteb/zCmfEAF/9XiUVMArZyk168=

moment@^2.25.3:
  version "2.25.3"
  resolved "https://registry.yarnpkg.com/moment/-/moment-2.25.3.tgz#252ff41319cf41e47761a1a88cab30edfe9808c0"
  integrity sha512-PuYv0PHxZvzc15Sp8ybUCoQ+xpyPWvjOuK72a5ovzp2LI32rJXOiIfyoFoYvG3s6EwwrdkMyWuRiEHSZRLJNdg==

ms@2.0.0:
  version "2.0.0"
  resolved "https://registry.yarnpkg.com/ms/-/ms-2.0.0.tgz#5608aeadfc00be6c2901df5f9861788de0d597c8"
  integrity sha1-VgiurfwAvmwpAd9fmGF4jeDVl8g=

object-inspect@^1.9.0:
  version "1.12.2"
  resolved "https://registry.yarnpkg.com/object-inspect/-/object-inspect-1.12.2.tgz#c0641f26394532f28ab8d796ab954e43c009a8ea"
  integrity sha512-z+cPxW0QGUp0mcqcsgQyLVRDoXFQbXOwBaqyF7VIgI4TWNQsDHrBpUQslRmIfAoYWdYzs6UlKJtB2XJpTaNSpQ==

qs@^6.6.0:
  version "6.11.0"
  resolved "https://registry.yarnpkg.com/qs/-/qs-6.11.0.tgz#fd0d963446f7a65e1367e01abd85429453f0c37a"
  integrity sha512-MvjoMCJwEarSbUYk5O+nmoSzSutSsTwF85zcHPQ9OrlFoZOYIjaqBAJIqIXjptyD5vThxGq52Xu/MaJzRkIk4Q==
  dependencies:
    side-channel "^1.0.4"

side-channel@^1.0.4:
  version "1.0.4"
  resolved "https://registry.yarnpkg.com/side-channel/-/side-channel-1.0.4.tgz#efce5c8fdc104ee751b25c58d4290011fa5ea2cf"
  integrity sha512-q5XPytqFEIKHkGdiMIrY10mvLRvnQh42/+GoBlFW3b2LXLE2xxJpZFdm94we0BaoV3RwJyGqg5wS7epxTv0Zvw==
  dependencies:
    call-bind "^1.0.0"
    get-intrinsic "^1.0.2"
    object-inspect "^1.9.0"

vssue@^1.4.4:
  version "1.4.4"
  resolved "https://registry.yarnpkg.com/vssue/-/vssue-1.4.4.tgz#2a342698b430aaf24019ad6ceaa389cfc3df2f0d"
  integrity sha512-f+FwS4eFurR+YISeTRfFW2+b/48MYNgerq2pk1QbtYPYI7DIZH7wSIj/S/f+wfxolsyA+45Bx86vYEtwD8xT0Q==
  dependencies:
    "@vssue/utils" "^1.4.0"
    github-markdown-css "^3.0.1"
    vue "^2.6.10"
    vue-i18n "^8.11.2"
    vue-property-decorator "^8.1.1"

vue-class-component@^7.1.0:
  version "7.2.3"
  resolved "https://registry.yarnpkg.com/vue-class-component/-/vue-class-component-7.2.3.tgz#a5b1abd53513a72ad51098752e2dedd499807cca"
  integrity sha512-oEqYpXKaFN+TaXU+mRLEx8dX0ah85aAJEe61mpdoUrq0Bhe/6sWhyZX1JjMQLhVsHAkncyhedhmCdDVSasUtDw==

vue-i18n@^8.11.2:
  version "8.17.5"
  resolved "https://registry.yarnpkg.com/vue-i18n/-/vue-i18n-8.17.5.tgz#e34ceda4273a83be94c392358a227d66b76acb12"
  integrity sha512-gijXwvyTH3aeJhuq8EoQ9SDDlm1mgJexNccSK1ctalxsa6C7ifbWiH7V/YGfm9WJ7udYoD8ezfZdazxxvKvKYw==

vue-property-decorator@^8.1.1:
  version "8.4.2"
  resolved "https://registry.yarnpkg.com/vue-property-decorator/-/vue-property-decorator-8.4.2.tgz#016e17f259f73bc547e77a50ce282ba18db4ee41"
  integrity sha512-IqbARlvgPE2pzKfbecKxsu2yEH0Wv7hfHR6m4eZA3LTnNw9hveAX77vDfLFyTeMISS5N7Kucp/xRSHjcQ6bAfQ==
  dependencies:
    vue-class-component "^7.1.0"

vue@^2.6.10:
  version "2.6.11"
  resolved "https://registry.yarnpkg.com/vue/-/vue-2.6.11.tgz#76594d877d4b12234406e84e35275c6d514125c5"
  integrity sha512-VfPwgcGABbGAue9+sfrD4PuwFar7gPb1yl1UK1MwXoQPAw0BKSqWfoYCT/ThFrdEVWoI51dBuyCoiNU9bZDZxQ==

vuepress-plugin-auto-sidebar@^1.4.1:
  version "1.4.1"
  resolved "https://registry.yarnpkg.com/vuepress-plugin-auto-sidebar/-/vuepress-plugin-auto-sidebar-1.4.1.tgz#c8586447affb2faa4155a9828916bb9bd594f188"
  integrity sha512-sJHMkd8ASvKnSp0dBeceQDirpW+56oWZNZgaip/yyvhpz3txjj2F5ECx7VuGwy0L/pahpIyyKwOsXY7POuMcfw==
